
Microsoft Visual Studio Solution File, Format Version 12.00
# Visual Studio 15
VisualStudioVersion = 15.0.28307.1062
MinimumVisualStudioVersion = 10.0.40219.1
Project("{FAE04EC0-301F-11D3-BF4B-00C04F79EFBC}") = "CensusAnalyserProblem", "CensusAnalyserProblem\CensusAnalyserProblem.csproj", "{71211867-5F3B-4EE1-8501-D69946498B24}"
EndProject
Project("{FAE04EC0-301F-11D3-BF4B-00C04F79EFBC}") = "CensusAnalyserTest", "CensusAnalyserTest\CensusAnalyserTest.csproj", "{1AF174D6-4048-49F5-B325-8FA875DA80FF}"
EndProject
Global
	GlobalSection(SolutionConfigurationPlatforms) = preSolution
		Debug|Any CPU = Debug|Any CPU
		Release|Any CPU = Release|Any CPU
	EndGlobalSection
	GlobalSection(ProjectConfigurationPlatforms) = postSolution
		{71211867-5F3B-4EE1-8501-D69946498B24}.Debug|Any CPU.ActiveCfg = Debug|Any CPU
		{71211867-5F3B-4EE1-8501-D69946498B24}.Debug|Any CPU.Build.0 = Debug|Any CPU
		{71211867-5F3B-4EE1-8501-D69946498B24}.Release|Any CPU.ActiveCfg = Release|Any CPU
		{71211867-5F3B-4EE1-8501-D69946498B24}.Release|Any CPU.Build.0 = Release|Any CPU
		{1AF174D6-4048-49F5-B325-8FA875DA80FF}.Debug|Any CPU.ActiveCfg = Debug|Any CPU
		{1AF174D6-4048-49F5-B325-8FA875DA80FF}.Debug|Any CPU.Build.0 = Debug|Any CPU
		{1AF174D6-4048-49F5-B325-8FA875DA80FF}.Release|Any CPU.ActiveCfg = Release|Any CPU
		{1AF174D6-4048-49F5-B325-8FA875DA80FF}.Release|Any CPU.Build.0 = Release|Any CPU
	EndGlobalSection
	GlobalSection(SolutionProperties) = preSolution
		HideSolutionNode = FALSE
	EndGlobalSection
	GlobalSection(ExtensibilityGlobals) = postSolution
		SolutionGuid = {80C4E901-C2AC-4ABB-AB4D-8609A62162B1}
	EndGlobalSection
EndGlobal
